// !$*UTF8*$!
{
	archiveVersion = 1;
	classes = {
	};
	objectVersion = 55;
	objects = {

/* Begin PBXBuildFile section */
		6FAC4AA127BFDBBE0098CEA6 /* Impara_SwiftApp.swift in Sources */ = {isa = PBXBuildFile; fileRef = 6FAC4AA027BFDBBE0098CEA6 /* Impara_SwiftApp.swift */; };
		6FAC4AA327BFDBBE0098CEA6 /* ContentView.swift in Sources */ = {isa = PBXBuildFile; fileRef = 6FAC4AA227BFDBBE0098CEA6 /* ContentView.swift */; };
		6FAC4AA527BFDBBF0098CEA6 /* Assets.xcassets in Resources */ = {isa = PBXBuildFile; fileRef = 6FAC4AA427BFDBBF0098CEA6 /* Assets.xcassets */; };
		6FAC4AA827BFDBBF0098CEA6 /* Preview Assets.xcassets in Resources */ = {isa = PBXBuildFile; fileRef = 6FAC4AA727BFDBBF0098CEA6 /* Preview Assets.xcassets */; };
		6FAC4AB227BFDBBF0098CEA6 /* Impara_SwiftTests.swift in Sources */ = {isa = PBXBuildFile; fileRef = 6FAC4AB127BFDBBF0098CEA6 /* Impara_SwiftTests.swift */; };
		6FAC4ABC27BFDBBF0098CEA6 /* Impara_SwiftUITests.swift in Sources */ = {isa = PBXBuildFile; fileRef = 6FAC4ABB27BFDBBF0098CEA6 /* Impara_SwiftUITests.swift */; };
		6FAC4ABE27BFDBBF0098CEA6 /* Impara_SwiftUITestsLaunchTests.swift in Sources */ = {isa = PBXBuildFile; fileRef = 6FAC4ABD27BFDBBF0098CEA6 /* Impara_SwiftUITestsLaunchTests.swift */; };
/* End PBXBuildFile section */

/* Begin PBXContainerItemProxy section */
		6FAC4AAE27BFDBBF0098CEA6 /* PBXContainerItemProxy */ = {
			isa = PBXContainerItemProxy;
			containerPortal = 6FAC4A9527BFDBBE0098CEA6 /* Project object */;
			proxyType = 1;
			remoteGlobalIDString = 6FAC4A9C27BFDBBE0098CEA6;
			remoteInfo = "Impara Swift";
		};
		6FAC4AB827BFDBBF0098CEA6 /* PBXContainerItemProxy */ = {
			isa = PBXContainerItemProxy;
			containerPortal = 6FAC4A9527BFDBBE0098CEA6 /* Project object */;
			proxyType = 1;
			remoteGlobalIDString = 6FAC4A9C27BFDBBE0098CEA6;
			remoteInfo = "Impara Swift";
		};
/* End PBXContainerItemProxy section */

/* Begin PBXFileReference section */
		6FAC4A9D27BFDBBE0098CEA6 /* Impara Swift.app */ = {isa = PBXFileReference; explicitFileType = wrapper.application; includeInIndex = 0; path = "Impara Swift.app"; sourceTree = BUILT_PRODUCTS_DIR; };
		6FAC4AA027BFDBBE0098CEA6 /* Impara_SwiftApp.swift */ = {isa = PBXFileReference; lastKnownFileType = sourcecode.swift; path = Impara_SwiftApp.swift; sourceTree = "<group>"; };
		6FAC4AA227BFDBBE0098CEA6 /* ContentView.swift */ = {isa = PBXFileReference; lastKnownFileType = sourcecode.swift; path = ContentView.swift; sourceTree = "<group>"; };
		6FAC4AA427BFDBBF0098CEA6 /* Assets.xcassets */ = {isa = PBXFileReference; lastKnownFileType = folder.assetcatalog; path = Assets.xcassets; sourceTree = "<group>"; };
		6FAC4AA727BFDBBF0098CEA6 /* Preview Assets.xcassets */ = {isa = PBXFileReference; lastKnownFileType = folder.assetcatalog; path = "Preview Assets.xcassets"; sourceTree = "<group>"; };
		6FAC4AAD27BFDBBF0098CEA6 /* Impara SwiftTests.xctest */ = {isa = PBXFileReference; explicitFileType = wrapper.cfbundle; includeInIndex = 0; path = "Impara SwiftTests.xctest"; sourceTree = BUILT_PRODUCTS_DIR; };
		6FAC4AB127BFDBBF0098CEA6 /* Impara_SwiftTests.swift */ = {isa = PBXFileReference; lastKnownFileType = sourcecode.swift; path = Impara_SwiftTests.swift; sourceTree = "<group>"; };
		6FAC4AB727BFDBBF0098CEA6 /* Impara SwiftUITests.xctest */ = {isa = PBXFileReference; explicitFileType = wrapper.cfbundle; includeInIndex = 0; path = "Impara SwiftUITests.xctest"; sourceTree = BUILT_PRODUCTS_DIR; };
		6FAC4ABB27BFDBBF0098CEA6 /* Impara_SwiftUITests.swift */ = {isa = PBXFileReference; lastKnownFileType = sourcecode.swift; path = Impara_SwiftUITests.swift; sourceTree = "<group>"; };
		6FAC4ABD27BFDBBF0098CEA6 /* Impara_SwiftUITestsLaunchTests.swift */ = {isa = PBXFileReference; lastKnownFileType = sourcecode.swift; path = Impara_SwiftUITestsLaunchTests.swift; sourceTree = "<group>"; };
/* End PBXFileReference section */

/* Begin PBXFrameworksBuildPhase section */
		6FAC4A9A27BFDBBE0098CEA6 /* Frameworks */ = {
			isa = PBXFrameworksBuildPhase;
			buildActionMask = 2147483647;
			files = (
			);
			runOnlyForDeploymentPostprocessing = 0;
		};
		6FAC4AAA27BFDBBF0098CEA6 /* Frameworks */ = {
			isa = PBXFrameworksBuildPhase;
			buildActionMask = 2147483647;
			files = (
			);
			runOnlyForDeploymentPostprocessing = 0;
		};
		6FAC4AB427BFDBBF0098CEA6 /* Frameworks */ = {
			isa = PBXFrameworksBuildPhase;
			buildActionMask = 2147483647;
			files = (
			);
			runOnlyForDeploymentPostprocessing = 0;
		};
/* End PBXFrameworksBuildPhase section */

/* Begin PBXGroup section */
		6FAC4A9427BFDBBE0098CEA6 = {
			isa = PBXGroup;
			children = (
				6FAC4A9F27BFDBBE0098CEA6 /* Impara Swift */,
				6FAC4AB027BFDBBF0098CEA6 /* Impara SwiftTests */,
				6FAC4ABA27BFDBBF0098CEA6 /* Impara SwiftUITests */,
				6FAC4A9E27BFDBBE0098CEA6 /* Products */,
			);
			sourceTree = "<group>";
		};
		6FAC4A9E27BFDBBE0098CEA6 /* Products */ = {
			isa = PBXGroup;
			children = (
				6FAC4A9D27BFDBBE0098CEA6 /* Impara Swift.app */,
				6FAC4AAD27BFDBBF0098CEA6 /* Impara SwiftTests.xctest */,
				6FAC4AB727BFDBBF0098CEA6 /* Impara SwiftUITests.xctest */,
			);
			name = Products;
			sourceTree = "<group>";
		};
		6FAC4A9F27BFDBBE0098CEA6 /* Impara Swift */ = {
			isa = PBXGroup;
			children = (
				6FAC4AA027BFDBBE0098CEA6 /* Impara_SwiftApp.swift */,
				6FAC4AA227BFDBBE0098CEA6 /* ContentView.swift */,
				6FAC4AA427BFDBBF0098CEA6 /* Assets.xcassets */,
				6FAC4AA627BFDBBF0098CEA6 /* Preview Content */,
			);
			path = "Impara Swift";
			sourceTree = "<group>";
		};
		6FAC4AA627BFDBBF0098CEA6 /* Preview Content */ = {
			isa = PBXGroup;
			children = (
				6FAC4AA727BFDBBF0098CEA6 /* Preview Assets.xcassets */,
			);
			path = "Preview Content";
			sourceTree = "<group>";
		};
		6FAC4AB027BFDBBF0098CEA6 /* Impara SwiftTests */ = {
			isa = PBXGroup;
			children = (
				6FAC4AB127BFDBBF0098CEA6 /* Impara_SwiftTests.swift */,
			);
			path = "Impara SwiftTests";
			sourceTree = "<group>";
		};
		6FAC4ABA27BFDBBF0098CEA6 /* Impara SwiftUITests */ = {
			isa = PBXGroup;
			children = (
				6FAC4ABB27BFDBBF0098CEA6 /* Impara_SwiftUITests.swift */,
				6FAC4ABD27BFDBBF0098CEA6 /* Impara_SwiftUITestsLaunchTests.swift */,
			);
			path = "Impara SwiftUITests";
			sourceTree = "<group>";
		};
/* End PBXGroup section */

/* Begin PBXNativeTarget section */
		6FAC4A9C27BFDBBE0098CEA6 /* Impara Swift */ = {
			isa = PBXNativeTarget;
			buildConfigurationList = 6FAC4AC127BFDBBF0098CEA6 /* Build configuration list for PBXNativeTarget "Impara Swift" */;
			buildPhases = (
				6FAC4A9927BFDBBE0098CEA6 /* Sources */,
				6FAC4A9A27BFDBBE0098CEA6 /* Frameworks */,
				6FAC4A9B27BFDBBE0098CEA6 /* Resources */,
			);
			buildRules = (
			);
			dependencies = (
			);
			name = "Impara Swift";
			productName = "Impara Swift";
			productReference = 6FAC4A9D27BFDBBE0098CEA6 /* Impara Swift.app */;
			productType = "com.apple.product-type.application";
		};
		6FAC4AAC27BFDBBF0098CEA6 /* Impara SwiftTests */ = {
			isa = PBXNativeTarget;
			buildConfigurationList = 6FAC4AC427BFDBBF0098CEA6 /* Build configuration list for PBXNativeTarget "Impara SwiftTests" */;
			buildPhases = (
				6FAC4AA927BFDBBF0098CEA6 /* Sources */,
				6FAC4AAA27BFDBBF0098CEA6 /* Frameworks */,
				6FAC4AAB27BFDBBF0098CEA6 /* Resources */,
			);
			buildRules = (
			);
			dependencies = (
				6FAC4AAF27BFDBBF0098CEA6 /* PBXTargetDependency */,
			);
			name = "Impara SwiftTests";
			productName = "Impara SwiftTests";
			productReference = 6FAC4AAD27BFDBBF0098CEA6 /* Impara SwiftTests.xctest */;
			productType = "com.apple.product-type.bundle.unit-test";
		};
		6FAC4AB627BFDBBF0098CEA6 /* Impara SwiftUITests */ = {
			isa = PBXNativeTarget;
			buildConfigurationList = 6FAC4AC727BFDBBF0098CEA6 /* Build configuration list for PBXNativeTarget "Impara SwiftUITests" */;
			buildPhases = (
				6FAC4AB327BFDBBF0098CEA6 /* Sources */,
				6FAC4AB427BFDBBF0098CEA6 /* Frameworks */,
				6FAC4AB527BFDBBF0098CEA6 /* Resources */,
			);
			buildRules = (
			);
			dependencies = (
				6FAC4AB927BFDBBF0098CEA6 /* PBXTargetDependency */,
			);
			name = "Impara SwiftUITests";
			productName = "Impara SwiftUITests";
			productReference = 6FAC4AB727BFDBBF0098CEA6 /* Impara SwiftUITests.xctest */;
			productType = "com.apple.product-type.bundle.ui-testing";
		};
/* End PBXNativeTarget section */

/* Begin PBXProject section */
		6FAC4A9527BFDBBE0098CEA6 /* Project object */ = {
			isa = PBXProject;
			attributes = {
				BuildIndependentTargetsInParallel = 1;
				LastSwiftUpdateCheck = 1320;
				LastUpgradeCheck = 1320;
				TargetAttributes = {
					6FAC4A9C27BFDBBE0098CEA6 = {
						CreatedOnToolsVersion = 13.2.1;
					};
					6FAC4AAC27BFDBBF0098CEA6 = {
						CreatedOnToolsVersion = 13.2.1;
						TestTargetID = 6FAC4A9C27BFDBBE0098CEA6;
					};
					6FAC4AB627BFDBBF0098CEA6 = {
						CreatedOnToolsVersion = 13.2.1;
						TestTargetID = 6FAC4A9C27BFDBBE0098CEA6;
					};
				};
			};
			buildConfigurationList = 6FAC4A9827BFDBBE0098CEA6 /* Build configuration list for PBXProject "Impara Swift" */;
			compatibilityVersion = "Xcode 13.0";
			developmentRegion = en;
			hasScannedForEncodings = 0;
			knownRegions = (
				en,
				Base,
			);
			mainGroup = 6FAC4A9427BFDBBE0098CEA6;
			productRefGroup = 6FAC4A9E27BFDBBE0098CEA6 /* Products */;
			projectDirPath = "";
			projectRoot = "";
			targets = (
				6FAC4A9C27BFDBBE0098CEA6 /* Impara Swift */,
				6FAC4AAC27BFDBBF0098CEA6 /* Impara SwiftTests */,
				6FAC4AB627BFDBBF0098CEA6 /* Impara SwiftUITests */,
			);
		};
/* End PBXProject section */

/* Begin PBXResourcesBuildPhase section */
		6FAC4A9B27BFDBBE0098CEA6 /* Resources */ = {
			isa = PBXResourcesBuildPhase;
			buildActionMask = 2147483647;
			files = (
				6FAC4AA827BFDBBF0098CEA6 /* Preview Assets.xcassets in Resources */,
				6FAC4AA527BFDBBF0098CEA6 /* Assets.xcassets in Resources */,
			);
			runOnlyForDeploymentPostprocessing = 0;
		};
		6FAC4AAB27BFDBBF0098CEA6 /* Resources */ = {
			isa = PBXResourcesBuildPhase;
			buildActionMask = 2147483647;
			files = (
			);
			runOnlyForDeploymentPostprocessing = 0;
		};
		6FAC4AB527BFDBBF0098CEA6 /* Resources */ = {
			isa = PBXResourcesBuildPhase;
			buildActionMask = 2147483647;
			files = (
			);
			runOnlyForDeploymentPostprocessing = 0;
		};
/* End PBXResourcesBuildPhase section */

/* Begin PBXSourcesBuildPhase section */
		6FAC4A9927BFDBBE0098CEA6 /* Sources */ = {
			isa = PBXSourcesBuildPhase;
			buildActionMask = 2147483647;
			files = (
				6FAC4AA327BFDBBE0098CEA6 /* ContentView.swift in Sources */,
				6FAC4AA127BFDBBE0098CEA6 /* Impara_SwiftApp.swift in Sources */,
			);
			runOnlyForDeploymentPostprocessing = 0;
		};
		6FAC4AA927BFDBBF0098CEA6 /* Sources */ = {
			isa = PBXSourcesBuildPhase;
			buildActionMask = 2147483647;
			files = (
				6FAC4AB227BFDBBF0098CEA6 /* Impara_SwiftTests.swift in Sources */,
			);
			runOnlyForDeploymentPostprocessing = 0;
		};
		6FAC4AB327BFDBBF0098CEA6 /* Sources */ = {
			isa = PBXSourcesBuildPhase;
			buildActionMask = 2147483647;
			files = (
				6FAC4ABE27BFDBBF0098CEA6 /* Impara_SwiftUITestsLaunchTests.swift in Sources */,
				6FAC4ABC27BFDBBF0098CEA6 /* Impara_SwiftUITests.swift in Sources */,
			);
			runOnlyForDeploymentPostprocessing = 0;
		};
/* End PBXSourcesBuildPhase section */

/* Begin PBXTargetDependency section */
		6FAC4AAF27BFDBBF0098CEA6 /* PBXTargetDependency */ = {
			isa = PBXTargetDependency;
			target = 6FAC4A9C27BFDBBE0098CEA6 /* Impara Swift */;
			targetProxy = 6FAC4AAE27BFDBBF0098CEA6 /* PBXContainerItemProxy */;
		};
		6FAC4AB927BFDBBF0098CEA6 /* PBXTargetDependency */ = {
			isa = PBXTargetDependency;
			target = 6FAC4A9C27BFDBBE0098CEA6 /* Impara Swift */;
			targetProxy = 6FAC4AB827BFDBBF0098CEA6 /* PBXContainerItemProxy */;
		};
/* End PBXTargetDependency section */

/* Begin XCBuildConfiguration section */
		6FAC4ABF27BFDBBF0098CEA6 /* Debug */ = {
			isa = XCBuildConfiguration;
			buildSettings = {
				ALWAYS_SEARCH_USER_PATHS = NO;
				CLANG_ANALYZER_NONNULL = YES;
				CLANG_ANALYZER_NUMBER_OBJECT_CONVERSION = YES_AGGRESSIVE;
				CLANG_CXX_LANGUAGE_STANDARD = "gnu++17";
				CLANG_CXX_LIBRARY = "libc++";
				CLANG_ENABLE_MODULES = YES;
				CLANG_ENABLE_OBJC_ARC = YES;
				CLANG_ENABLE_OBJC_WEAK = YES;
				CLANG_WARN_BLOCK_CAPTURE_AUTORELEASING = YES;
				CLANG_WARN_BOOL_CONVERSION = YES;
				CLANG_WARN_COMMA = YES;
				CLANG_WARN_CONSTANT_CONVERSION = YES;
				CLANG_WARN_DEPRECATED_OBJC_IMPLEMENTATIONS = YES;
				CLANG_WARN_DIRECT_OBJC_ISA_USAGE = YES_ERROR;
				CLANG_WARN_DOCUMENTATION_COMMENTS = YES;
				CLANG_WARN_EMPTY_BODY = YES;
				CLANG_WARN_ENUM_CONVERSION = YES;
				CLANG_WARN_INFINITE_RECURSION = YES;
				CLANG_WARN_INT_CONVERSION = YES;
				CLANG_WARN_NON_LITERAL_NULL_CONVERSION = YES;
				CLANG_WARN_OBJC_IMPLICIT_RETAIN_SELF = YES;
				CLANG_WARN_OBJC_LITERAL_CONVERSION = YES;
				CLANG_WARN_OBJC_ROOT_CLASS = YES_ERROR;
				CLANG_WARN_QUOTED_INCLUDE_IN_FRAMEWORK_HEADER = YES;
				CLANG_WARN_RANGE_LOOP_ANALYSIS = YES;
				CLANG_WARN_STRICT_PROTOTYPES = YES;
				CLANG_WARN_SUSPICIOUS_MOVE = YES;
				CLANG_WARN_UNGUARDED_AVAILABILITY = YES_AGGRESSIVE;
				CLANG_WARN_UNREACHABLE_CODE = YES;
				CLANG_WARN__DUPLICATE_METHOD_MATCH = YES;
				COPY_PHASE_STRIP = NO;
				DEBUG_INFORMATION_FORMAT = dwarf;
				ENABLE_STRICT_OBJC_MSGSEND = YES;
				ENABLE_TESTABILITY = YES;
				GCC_C_LANGUAGE_STANDARD = gnu11;
				GCC_DYNAMIC_NO_PIC = NO;
				GCC_NO_COMMON_BLOCKS = YES;
				GCC_OPTIMIZATION_LEVEL = 0;
				GCC_PREPROCESSOR_DEFINITIONS = (
					"DEBUG=1",
					"$(inherited)",
				);
				GCC_WARN_64_TO_32_BIT_CONVERSION = YES;
				GCC_WARN_ABOUT_RETURN_TYPE = YES_ERROR;
				GCC_WARN_UNDECLARED_SELECTOR = YES;
				GCC_WARN_UNINITIALIZED_AUTOS = YES_AGGRESSIVE;
				GCC_WARN_UNUSED_FUNCTION = YES;
				GCC_WARN_UNUSED_VARIABLE = YES;
				IPHONEOS_DEPLOYMENT_TARGET = 15.2;
				MTL_ENABLE_DEBUG_INFO = INCLUDE_SOURCE;
				MTL_FAST_MATH = YES;
				ONLY_ACTIVE_ARCH = YES;
				SDKROOT = iphoneos;
				SWIFT_ACTIVE_COMPILATION_CONDITIONS = DEBUG;
				SWIFT_OPTIMIZATION_LEVEL = "-Onone";
			};
			name = Debug;
		};
		6FAC4AC027BFDBBF0098CEA6 /* Release */ = {
			isa = XCBuildConfiguration;
			buildSettings = {
				ALWAYS_SEARCH_USER_PATHS = NO;
				CLANG_ANALYZER_NONNULL = YES;
				CLANG_ANALYZER_NUMBER_OBJECT_CONVERSION = YES_AGGRESSIVE;
				CLANG_CXX_LANGUAGE_STANDARD = "gnu++17";
				CLANG_CXX_LIBRARY = "libc++";
				CLANG_ENABLE_MODULES = YES;
				CLANG_ENABLE_OBJC_ARC = YES;
				CLANG_ENABLE_OBJC_WEAK = YES;
				CLANG_WARN_BLOCK_CAPTURE_AUTORELEASING = YES;
				CLANG_WARN_BOOL_CONVERSION = YES;
				CLANG_WARN_COMMA = YES;
				CLANG_WARN_CONSTANT_CONVERSION = YES;
				CLANG_WARN_DEPRECATED_OBJC_IMPLEMENTATIONS = YES;
				CLANG_WARN_DIRECT_OBJC_ISA_USAGE = YES_ERROR;
				CLANG_WARN_DOCUMENTATION_COMMENTS = YES;
				CLANG_WARN_EMPTY_BODY = YES;
				CLANG_WARN_ENUM_CONVERSION = YES;
				CLANG_WARN_INFINITE_RECURSION = YES;
				CLANG_WARN_INT_CONVERSION = YES;
				CLANG_WARN_NON_LITERAL_NULL_CONVERSION = YES;
				CLANG_WARN_OBJC_IMPLICIT_RETAIN_SELF = YES;
				CLANG_WARN_OBJC_LITERAL_CONVERSION = YES;
				CLANG_WARN_OBJC_ROOT_CLASS = YES_ERROR;
				CLANG_WARN_QUOTED_INCLUDE_IN_FRAMEWORK_HEADER = YES;
				CLANG_WARN_RANGE_LOOP_ANALYSIS = YES;
				CLANG_WARN_STRICT_PROTOTYPES = YES;
				CLANG_WARN_SUSPICIOUS_MOVE = YES;
				CLANG_WARN_UNGUARDED_AVAILABILITY = YES_AGGRESSIVE;
				CLANG_WARN_UNREACHABLE_CODE = YES;
				CLANG_WARN__DUPLICATE_METHOD_MATCH = YES;
				COPY_PHASE_STRIP = NO;
				DEBUG_INFORMATION_FORMAT = "dwarf-with-dsym";
				ENABLE_NS_ASSERTIONS = NO;
				ENABLE_STRICT_OBJC_MSGSEND = YES;
				GCC_C_LANGUAGE_STANDARD = gnu11;
				GCC_NO_COMMON_BLOCKS = YES;
				GCC_WARN_64_TO_32_BIT_CONVERSION = YES;
				GCC_WARN_ABOUT_RETURN_TYPE = YES_ERROR;
				GCC_WARN_UNDECLARED_SELECTOR = YES;
				GCC_WARN_UNINITIALIZED_AUTOS = YES_AGGRESSIVE;
				GCC_WARN_UNUSED_FUNCTION = YES;
				GCC_WARN_UNUSED_VARIABLE = YES;
				IPHONEOS_DEPLOYMENT_TARGET = 15.2;
				MTL_ENABLE_DEBUG_INFO = NO;
				MTL_FAST_MATH = YES;
				SDKROOT = iphoneos;
				SWIFT_COMPILATION_MODE = wholemodule;
				SWIFT_OPTIMIZATION_LEVEL = "-O";
				VALIDATE_PRODUCT = YES;
			};
			name = Release;
		};
		6FAC4AC227BFDBBF0098CEA6 /* Debug */ = {
			isa = XCBuildConfiguration;
			buildSettings = {
				ASSETCATALOG_COMPILER_APPICON_NAME = AppIcon;
				ASSETCATALOG_COMPILER_GLOBAL_ACCENT_COLOR_NAME = AccentColor;
				CODE_SIGN_STYLE = Automatic;
				CURRENT_PROJECT_VERSION = 1;
				DEVELOPMENT_ASSET_PATHS = "\"Impara Swift/Preview Content\"";
				DEVELOPMENT_TEAM = SAXH453496;
				ENABLE_PREVIEWS = YES;
				GENERATE_INFOPLIST_FILE = YES;
				INFOPLIST_KEY_UIApplicationSceneManifest_Generation = YES;
				INFOPLIST_KEY_UIApplicationSupportsIndirectInputEvents = YES;
				INFOPLIST_KEY_UILaunchScreen_Generation = YES;
				INFOPLIST_KEY_UISupportedInterfaceOrientations_iPad = "UIInterfaceOrientationPortrait UIInterfaceOrientationPortraitUpsideDown UIInterfaceOrientationLandscapeLeft UIInterfaceOrientationLandscapeRight";
				INFOPLIST_KEY_UISupportedInterfaceOrientations_iPhone = "UIInterfaceOrientationPortrait UIInterfaceOrientationLandscapeLeft UIInterfaceOrientationLandscapeRight";
				LD_RUNPATH_SEARCH_PATHS = (
					"$(inherited)",
					"@executable_path/Frameworks",
				);
				MARKETING_VERSION = 1.0;
				PRODUCT_BUNDLE_IDENTIFIER = "Gerva.Impara-Swift";
				PRODUCT_NAME = "$(TARGET_NAME)";
				SWIFT_EMIT_LOC_STRINGS = YES;
				SWIFT_VERSION = 5.0;
				TARGETED_DEVICE_FAMILY = "1,2";
			};
			name = Debug;
		};
		6FAC4AC327BFDBBF0098CEA6 /* Release */ = {
			isa = XCBuildConfiguration;
			buildSettings = {
				ASSETCATALOG_COMPILER_APPICON_NAME = AppIcon;
				ASSETCATALOG_COMPILER_GLOBAL_ACCENT_COLOR_NAME = AccentColor;
				CODE_SIGN_STYLE = Automatic;
				CURRENT_PROJECT_VERSION = 1;
				DEVELOPMENT_ASSET_PATHS = "\"Impara Swift/Preview Content\"";
				DEVELOPMENT_TEAM = SAXH453496;
				ENABLE_PREVIEWS = YES;
				GENERATE_INFOPLIST_FILE = YES;
				INFOPLIST_KEY_UIApplicationSceneManifest_Generation = YES;
				INFOPLIST_KEY_UIApplicationSupportsIndirectInputEvents = YES;
				INFOPLIST_KEY_UILaunchScreen_Generation = YES;
				INFOPLIST_KEY_UISupportedInterfaceOrientations_iPad = "UIInterfaceOrientationPortrait UIInterfaceOrientationPortraitUpsideDown UIInterfaceOrientationLandscapeLeft UIInterfaceOrientationLandscapeRight";
				INFOPLIST_KEY_UISupportedInterfaceOrientations_iPhone = "UIInterfaceOrientationPortrait UIInterfaceOrientationLandscapeLeft UIInterfaceOrientationLandscapeRight";
				LD_RUNPATH_SEARCH_PATHS = (
					"$(inherited)",
					"@executable_path/Frameworks",
				);
				MARKETING_VERSION = 1.0;
				PRODUCT_BUNDLE_IDENTIFIER = "Gerva.Impara-Swift";
				PRODUCT_NAME = "$(TARGET_NAME)";
				SWIFT_EMIT_LOC_STRINGS = YES;
				SWIFT_VERSION = 5.0;
				TARGETED_DEVICE_FAMILY = "1,2";
			};
			name = Release;
		};
		6FAC4AC527BFDBBF0098CEA6 /* Debug */ = {
			isa = XCBuildConfiguration;
			buildSettings = {
				ALWAYS_EMBED_SWIFT_STANDARD_LIBRARIES = YES;
				BUNDLE_LOADER = "$(TEST_HOST)";
				CODE_SIGN_STYLE = Automatic;
				CURRENT_PROJECT_VERSION = 1;
				DEVELOPMENT_TEAM = SAXH453496;
				GENERATE_INFOPLIST_FILE = YES;
				IPHONEOS_DEPLOYMENT_TARGET = 15.2;
				MARKETING_VERSION = 1.0;
				PRODUCT_BUNDLE_IDENTIFIER = "Gerva.Impara-SwiftTests";
				PRODUCT_NAME = "$(TARGET_NAME)";
				SWIFT_EMIT_LOC_STRINGS = NO;
				SWIFT_VERSION = 5.0;
				TARGETED_DEVICE_FAMILY = "1,2";
				TEST_HOST = "$(BUILT_PRODUCTS_DIR)/Impara Swift.app/Impara Swift";
			};
			name = Debug;
		};
		6FAC4AC627BFDBBF0098CEA6 /* Release */ = {
			isa = XCBuildConfiguration;
			buildSettings = {
				ALWAYS_EMBED_SWIFT_STANDARD_LIBRARIES = YES;
				BUNDLE_LOADER = "$(TEST_HOST)";
				CODE_SIGN_STYLE = Automatic;
				CURRENT_PROJECT_VERSION = 1;
				DEVELOPMENT_TEAM = SAXH453496;
				GENERATE_INFOPLIST_FILE = YES;
				IPHONEOS_DEPLOYMENT_TARGET = 15.2;
				MARKETING_VERSION = 1.0;
				PRODUCT_BUNDLE_IDENTIFIER = "Gerva.Impara-SwiftTests";
				PRODUCT_NAME = "$(TARGET_NAME)";
				SWIFT_EMIT_LOC_STRINGS = NO;
				SWIFT_VERSION = 5.0;
				TARGETED_DEVICE_FAMILY = "1,2";
				TEST_HOST = "$(BUILT_PRODUCTS_DIR)/Impara Swift.app/Impara Swift";
			};
			name = Release;
		};
		6FAC4AC827BFDBBF0098CEA6 /* Debug */ = {
			isa = XCBuildConfiguration;
			buildSettings = {
				ALWAYS_EMBED_SWIFT_STANDARD_LIBRARIES = YES;
				CODE_SIGN_STYLE = Automatic;
				CURRENT_PROJECT_VERSION = 1;
				DEVELOPMENT_TEAM = SAXH453496;
				GENERATE_INFOPLIST_FILE = YES;
				MARKETING_VERSION = 1.0;
				PRODUCT_BUNDLE_IDENTIFIER = "Gerva.Impara-SwiftUITests";
				PRODUCT_NAME = "$(TARGET_NAME)";
				SWIFT_EMIT_LOC_STRINGS = NO;
				SWIFT_VERSION = 5.0;
				TARGETED_DEVICE_FAMILY = "1,2";
				TEST_TARGET_NAME = "Impara Swift";
			};
			name = Debug;
		};
		6FAC4AC927BFDBBF0098CEA6 /* Release */ = {
			isa = XCBuildConfiguration;
			buildSettings = {
				ALWAYS_EMBED_SWIFT_STANDARD_LIBRARIES = YES;
				CODE_SIGN_STYLE = Automatic;
				CURRENT_PROJECT_VERSION = 1;
				DEVELOPMENT_TEAM = SAXH453496;
				GENERATE_INFOPLIST_FILE = YES;
				MARKETING_VERSION = 1.0;
				PRODUCT_BUNDLE_IDENTIFIER = "Gerva.Impara-SwiftUITests";
				PRODUCT_NAME = "$(TARGET_NAME)";
				SWIFT_EMIT_LOC_STRINGS = NO;
				SWIFT_VERSION = 5.0;
				TARGETED_DEVICE_FAMILY = "1,2";
				TEST_TARGET_NAME = "Impara Swift";
			};
			name = Release;
		};
/* End XCBuildConfiguration section */

/* Begin XCConfigurationList section */
		6FAC4A9827BFDBBE0098CEA6 /* Build configuration list for PBXProject "Impara Swift" */ = {
			isa = XCConfigurationList;
			buildConfigurations = (
				6FAC4ABF27BFDBBF0098CEA6 /* Debug */,
				6FAC4AC027BFDBBF0098CEA6 /* Release */,
			);
			defaultConfigurationIsVisible = 0;
			defaultConfigurationName = Release;
		};
		6FAC4AC127BFDBBF0098CEA6 /* Build configuration list for PBXNativeTarget "Impara Swift" */ = {
			isa = XCConfigurationList;
			buildConfigurations = (
				6FAC4AC227BFDBBF0098CEA6 /* Debug */,
				6FAC4AC327BFDBBF0098CEA6 /* Release */,
			);
			defaultConfigurationIsVisible = 0;
			defaultConfigurationName = Release;
		};
		6FAC4AC427BFDBBF0098CEA6 /* Build configuration list for PBXNativeTarget "Impara SwiftTests" */ = {
			isa = XCConfigurationList;
			buildConfigurations = (
				6FAC4AC527BFDBBF0098CEA6 /* Debug */,
				6FAC4AC627BFDBBF0098CEA6 /* Release */,
			);
			defaultConfigurationIsVisible = 0;
			defaultConfigurationName = Release;
		};
		6FAC4AC727BFDBBF0098CEA6 /* Build configuration list for PBXNativeTarget "Impara SwiftUITests" */ = {
			isa = XCConfigurationList;
			buildConfigurations = (
				6FAC4AC827BFDBBF0098CEA6 /* Debug */,
				6FAC4AC927BFDBBF0098CEA6 /* Release */,
			);
			defaultConfigurationIsVisible = 0;
			defaultConfigurationName = Release;
		};
/* End XCConfigurationList section */
	};
	rootObject = 6FAC4A9527BFDBBE0098CEA6 /* Project object */;
}
